
Microsoft Visual Studio Solution File, Format Version 12.00
# Visual Studio Version 16
VisualStudioVersion = 16.0.29905.134
MinimumVisualStudioVersion = 10.0.40219.1
Project("{FAE04EC0-301F-11D3-BF4B-00C04F79EFBC}") = "appRegistroEmpresaDomiciliaria", "appRegistroEmpresaDomiciliaria.csproj", "{853AA175-3078-41C7-9E7F-F68F1FF89B0D}"
EndProject
Global
	GlobalSection(SolutionConfigurationPlatforms) = preSolution
		Debug|Any CPU = Debug|Any CPU
		Release|Any CPU = Release|Any CPU
	EndGlobalSection
	GlobalSection(ProjectConfigurationPlatforms) = postSolution
		{853AA175-3078-41C7-9E7F-F68F1FF89B0D}.Debug|Any CPU.ActiveCfg = Debug|Any CPU
		{853AA175-3078-41C7-9E7F-F68F1FF89B0D}.Debug|Any CPU.Build.0 = Debug|Any CPU
		{853AA175-3078-41C7-9E7F-F68F1FF89B0D}.Release|Any CPU.ActiveCfg = Release|Any CPU
		{853AA175-3078-41C7-9E7F-F68F1FF89B0D}.Release|Any CPU.Build.0 = Release|Any CPU
	EndGlobalSection
	GlobalSection(SolutionProperties) = preSolution
		HideSolutionNode = FALSE
	EndGlobalSection
	GlobalSection(ExtensibilityGlobals) = postSolution
		SolutionGuid = {3D6BD8AC-0BB4-4ECD-9F39-32FFD898CA3F}
	EndGlobalSection
EndGlobal
