
Microsoft Visual Studio Solution File, Format Version 12.00
# Visual Studio Version 17
VisualStudioVersion = 17.11.35312.102
MinimumVisualStudioVersion = 10.0.40219.1
Project("{FAE04EC0-301F-11D3-BF4B-00C04F79EFBC}") = "appRegistroEmpresaDomiciliaria", "appRegistroEmpresaDomiciliaria.csproj", "{853AA175-3078-41C7-9E7F-F68F1FF89B0D}"
EndProject
Project("{FAE04EC0-301F-11D3-BF4B-00C04F79EFBC}") = "appRegistroEmpresaDomiciliaria.Tests", "appRegistroEmpresaDomiciliaria.Tests\appRegistroEmpresaDomiciliaria.Tests.csproj", "{FECFFB54-11F4-42F8-863C-F17F428C0CCA}"
EndProject
Global
	GlobalSection(SolutionConfigurationPlatforms) = preSolution
		Debug|Any CPU = Debug|Any CPU
		Release|Any CPU = Release|Any CPU
	EndGlobalSection
	GlobalSection(ProjectConfigurationPlatforms) = postSolution
		{853AA175-3078-41C7-9E7F-F68F1FF89B0D}.Debug|Any CPU.ActiveCfg = Debug|Any CPU
		{853AA175-3078-41C7-9E7F-F68F1FF89B0D}.Debug|Any CPU.Build.0 = Debug|Any CPU
		{853AA175-3078-41C7-9E7F-F68F1FF89B0D}.Release|Any CPU.ActiveCfg = Release|Any CPU
		{853AA175-3078-41C7-9E7F-F68F1FF89B0D}.Release|Any CPU.Build.0 = Release|Any CPU
		{FECFFB54-11F4-42F8-863C-F17F428C0CCA}.Debug|Any CPU.ActiveCfg = Debug|Any CPU
		{FECFFB54-11F4-42F8-863C-F17F428C0CCA}.Debug|Any CPU.Build.0 = Debug|Any CPU
		{FECFFB54-11F4-42F8-863C-F17F428C0CCA}.Release|Any CPU.ActiveCfg = Release|Any CPU
		{FECFFB54-11F4-42F8-863C-F17F428C0CCA}.Release|Any CPU.Build.0 = Release|Any CPU
	EndGlobalSection
	GlobalSection(SolutionProperties) = preSolution
		HideSolutionNode = FALSE
	EndGlobalSection
	GlobalSection(ExtensibilityGlobals) = postSolution
		SolutionGuid = {3D6BD8AC-0BB4-4ECD-9F39-32FFD898CA3F}
	EndGlobalSection
EndGlobal
